lockfileVersion: '9.0'

settings:
  autoInstallPeers: true
  excludeLinksFromLockfile: false

importers:

  .: {}

  ios-app: {}

  packages/ai-core: {}

  packages/application: {}

  packages/contracts: {}

  packages/domain: {}

  packages/persistence: {}

  packages/prompts: {}

  packages/test-fixtures: {}

  packages/ui-kit: {}

  windows-app: {}
